PODS:
  - JWPlayer-SDK (3.6.0)
  - Mux-Stats-Core (2.0.12)

DEPENDENCIES:
  - JWPlayer-SDK (~> 3.0)
  - Mux-Stats-Core (~> 2.0)

SPEC REPOS:
  https://github.com/cocoapods/specs.git:
    - JWPlayer-SDK
    - Mux-Stats-Core

SPEC CHECKSUMS:
  JWPlayer-SDK: d1c24878cc7663995222381ba81d9d35b253a028
  Mux-Stats-Core: 73e692799571459722526ff4a721b6872da5c776

PODFILE CHECKSUM: 48215ea9faafa967f26676b72d6c16d121e6813e

COCOAPODS: 1.7.5
