PODS:
  - JWPlayer-SDK (3.6.0)
  - Mux-Stats-Core (2.1.0)
  - Mux-Stats-JWPlayer (0.3.1):
    - Mux-Stats-Core (~> 2.1)

DEPENDENCIES:
  - JWPlayer-SDK (~> 3.0)
  - Mux-Stats-Core (~> 2.0)
  - Mux-Stats-JWPlayer (from `../../`)

SPEC REPOS:
  https://github.com/CocoaPods/Specs.git:
    - JWPlayer-SDK
  trunk:
    - Mux-Stats-Core

EXTERNAL SOURCES:
  Mux-Stats-JWPlayer:
    :path: "../../"

SPEC CHECKSUMS:
  JWPlayer-SDK: d1c24878cc7663995222381ba81d9d35b253a028
  Mux-Stats-Core: 60c405b93a9610c9c90e3cee812e225bb050ca3a
  Mux-Stats-JWPlayer: 02b1076c37cac1aac9bef6b9375ce4a334cb30d2

PODFILE CHECKSUM: 01dec785639b5f2f6fc03d2ddece3992bb04655f

COCOAPODS: 1.8.4
